
Microsoft Visual Studio Solution File, Format Version 12.00
# Visual Studio Version 16
VisualStudioVersion = 16.0.30011.22
MinimumVisualStudioVersion = 10.0.40219.1
Project("{9A19103F-16F7-4668-BE54-9A1E7A4F7556}") = "Receive", "Receive.csproj", "{3B5913A5-1112-4CF6-B6DD-8FDCE4671700}"
EndProject
Global
	GlobalSection(SolutionConfigurationPlatforms) = preSolution
		Debug|Any CPU = Debug|Any CPU
		Release|Any CPU = Release|Any CPU
	EndGlobalSection
	GlobalSection(ProjectConfigurationPlatforms) = postSolution
		{3B5913A5-1112-4CF6-B6DD-8FDCE4671700}.Debug|Any CPU.ActiveCfg = Debug|Any CPU
		{3B5913A5-1112-4CF6-B6DD-8FDCE4671700}.Debug|Any CPU.Build.0 = Debug|Any CPU
		{3B5913A5-1112-4CF6-B6DD-8FDCE4671700}.Release|Any CPU.ActiveCfg = Release|Any CPU
		{3B5913A5-1112-4CF6-B6DD-8FDCE4671700}.Release|Any CPU.Build.0 = Release|Any CPU
	EndGlobalSection
	GlobalSection(SolutionProperties) = preSolution
		HideSolutionNode = FALSE
	EndGlobalSection
	GlobalSection(ExtensibilityGlobals) = postSolution
		SolutionGuid = {BF18F012-5FA6-4460-B3BE-8602606B0BE6}
	EndGlobalSection
EndGlobal
